
Microsoft Visual Studio Solution File, Format Version 12.00
# Visual Studio Version 17
VisualStudioVersion = 17.1.32414.318
MinimumVisualStudioVersion = 10.0.40219.1
Project("{8BC9CEB8-8B4A-11D0-8D11-00A0C91BC942}") = "TimCacSo", "TimCacSo\TimCacSo.vcxproj", "{66D088EB-C392-4112-8A8B-5941D73A4FFD}"
EndProject
Global
	GlobalSection(SolutionConfigurationPlatforms) = preSolution
		Debug|x64 = Debug|x64
		Debug|x86 = Debug|x86
		Release|x64 = Release|x64
		Release|x86 = Release|x86
	EndGlobalSection
	GlobalSection(ProjectConfigurationPlatforms) = postSolution
		{66D088EB-C392-4112-8A8B-5941D73A4FFD}.Debug|x64.ActiveCfg = Debug|x64
		{66D088EB-C392-4112-8A8B-5941D73A4FFD}.Debug|x64.Build.0 = Debug|x64
		{66D088EB-C392-4112-8A8B-5941D73A4FFD}.Debug|x86.ActiveCfg = Debug|Win32
		{66D088EB-C392-4112-8A8B-5941D73A4FFD}.Debug|x86.Build.0 = Debug|Win32
		{66D088EB-C392-4112-8A8B-5941D73A4FFD}.Release|x64.ActiveCfg = Release|x64
		{66D088EB-C392-4112-8A8B-5941D73A4FFD}.Release|x64.Build.0 = Release|x64
		{66D088EB-C392-4112-8A8B-5941D73A4FFD}.Release|x86.ActiveCfg = Release|Win32
		{66D088EB-C392-4112-8A8B-5941D73A4FFD}.Release|x86.Build.0 = Release|Win32
	EndGlobalSection
	GlobalSection(SolutionProperties) = preSolution
		HideSolutionNode = FALSE
	EndGlobalSection
	GlobalSection(ExtensibilityGlobals) = postSolution
		SolutionGuid = {9A7955F9-3284-42BD-B4FC-169B24C36E9A}
	EndGlobalSection
EndGlobal
